hash: a5109ef114c5def04fff6a1515ade8534c0a5eec5787fc6a2d157308de697223
updated: 2016-06-06T16:23:12.220602992-07:00
imports:
- name: github.com/gorilla/context
  version: 1ea25387ff6f684839d82767c1733ff4d4d15d0a
- name: github.com/gorilla/mux
  version: 0eeaf8392f5b04950925b8a69fe70f110fa7cbfc
- name: github.com/stretchr/testify
  version: f390dcf405f7b83c997eac1b06768bb9f44dec18
  subpackages:
  - assert
  - require
  - suite
devImports: []
